
Microsoft Visual Studio Solution File, Format Version 12.00
# Visual Studio Version 17
VisualStudioVersion = 17.6.33815.320
MinimumVisualStudioVersion = 10.0.40219.1
Project("{FAE04EC0-301F-11D3-BF4B-00C04F79EFBC}") = "tprepaso", "tprepaso\tprepaso.csproj", "{C1B62CED-BF9F-4C45-B10E-83D4905DC6AA}"
EndProject
Global
	GlobalSection(SolutionConfigurationPlatforms) = preSolution
		Debug|Any CPU = Debug|Any CPU
		Release|Any CPU = Release|Any CPU
	EndGlobalSection
	GlobalSection(ProjectConfigurationPlatforms) = postSolution
		{C1B62CED-BF9F-4C45-B10E-83D4905DC6AA}.Debug|Any CPU.ActiveCfg = Debug|Any CPU
		{C1B62CED-BF9F-4C45-B10E-83D4905DC6AA}.Debug|Any CPU.Build.0 = Debug|Any CPU
		{C1B62CED-BF9F-4C45-B10E-83D4905DC6AA}.Release|Any CPU.ActiveCfg = Release|Any CPU
		{C1B62CED-BF9F-4C45-B10E-83D4905DC6AA}.Release|Any CPU.Build.0 = Release|Any CPU
	EndGlobalSection
	GlobalSection(SolutionProperties) = preSolution
		HideSolutionNode = FALSE
	EndGlobalSection
	GlobalSection(ExtensibilityGlobals) = postSolution
		SolutionGuid = {D3644354-905B-4FE2-A3CE-8F1918C0644C}
	EndGlobalSection
EndGlobal
